
Microsoft Visual Studio Solution File, Format Version 12.00
# Visual Studio Version 17
VisualStudioVersion = 17.7.34221.43
MinimumVisualStudioVersion = 10.0.40219.1
Project("{FAE04EC0-301F-11D3-BF4B-00C04F79EFBC}") = "dumpcollectionfa", "dumpcollectionfa.csproj", "{242591FB-DFE1-44FA-9507-8238D1254CB6}"
EndProject
Global
	GlobalSection(SolutionConfigurationPlatforms) = preSolution
		Debug|Any CPU = Debug|Any CPU
		Release|Any CPU = Release|Any CPU
	EndGlobalSection
	GlobalSection(ProjectConfigurationPlatforms) = postSolution
		{242591FB-DFE1-44FA-9507-8238D1254CB6}.Debug|Any CPU.ActiveCfg = Debug|Any CPU
		{242591FB-DFE1-44FA-9507-8238D1254CB6}.Debug|Any CPU.Build.0 = Debug|Any CPU
		{242591FB-DFE1-44FA-9507-8238D1254CB6}.Release|Any CPU.ActiveCfg = Release|Any CPU
		{242591FB-DFE1-44FA-9507-8238D1254CB6}.Release|Any CPU.Build.0 = Release|Any CPU
	EndGlobalSection
	GlobalSection(SolutionProperties) = preSolution
		HideSolutionNode = FALSE
	EndGlobalSection
	GlobalSection(ExtensibilityGlobals) = postSolution
		SolutionGuid = {A9403FC6-D386-4B1A-8C4D-898975C6ED2B}
	EndGlobalSection
EndGlobal
